
Microsoft Visual Studio Solution File, Format Version 12.00
# Visual Studio 2013
VisualStudioVersion = 12.0.21005.1
MinimumVisualStudioVersion = 10.0.40219.1
Project("{CC5FD16D-436D-48AD-A40C-5A424C6E3E79}") = "QueueReader", "QueueReader\QueueReader.ccproj", "{8EA060EC-9AF4-4476-8A08-474A49B605DB}"
EndProject
Project("{FAE04EC0-301F-11D3-BF4B-00C04F79EFBC}") = "QueueReaderWorkerRole", "QueueReaderWorkerRole\QueueReaderWorkerRole.csproj", "{90BCC3E6-9511-4112-95E8-66BA79EACA24}"
EndProject
Project("{FAE04EC0-301F-11D3-BF4B-00C04F79EFBC}") = "SharkService", "SharkService\SharkService.csproj", "{B652F54D-442F-4266-8BF5-380A896D9804}"
EndProject
Project("{2150E333-8FDC-42A3-9474-1A3956D46DE8}") = ".nuget", ".nuget", "{87B2E14F-9F08-43C9-AF4D-FEB29820EA2A}"
EndProject
Project("{FAE04EC0-301F-11D3-BF4B-00C04F79EFBC}") = "TestClient", "TestClient\TestClient.csproj", "{1BA2E9F8-DF69-4C21-A16A-5BF9126D444A}"
EndProject
Project("{FAE04EC0-301F-11D3-BF4B-00C04F79EFBC}") = "SharkData", "SharkData\SharkData.csproj", "{A8B03F82-F525-4128-B574-0F104D92918B}"
EndProject
Global
	GlobalSection(SolutionConfigurationPlatforms) = preSolution
		Debug|Any CPU = Debug|Any CPU
		Release|Any CPU = Release|Any CPU
	EndGlobalSection
	GlobalSection(ProjectConfigurationPlatforms) = postSolution
		{8EA060EC-9AF4-4476-8A08-474A49B605DB}.Debug|Any CPU.ActiveCfg = Debug|Any CPU
		{8EA060EC-9AF4-4476-8A08-474A49B605DB}.Debug|Any CPU.Build.0 = Debug|Any CPU
		{8EA060EC-9AF4-4476-8A08-474A49B605DB}.Release|Any CPU.ActiveCfg = Release|Any CPU
		{8EA060EC-9AF4-4476-8A08-474A49B605DB}.Release|Any CPU.Build.0 = Release|Any CPU
		{90BCC3E6-9511-4112-95E8-66BA79EACA24}.Debug|Any CPU.ActiveCfg = Debug|Any CPU
		{90BCC3E6-9511-4112-95E8-66BA79EACA24}.Debug|Any CPU.Build.0 = Debug|Any CPU
		{90BCC3E6-9511-4112-95E8-66BA79EACA24}.Release|Any CPU.ActiveCfg = Release|Any CPU
		{90BCC3E6-9511-4112-95E8-66BA79EACA24}.Release|Any CPU.Build.0 = Release|Any CPU
		{B652F54D-442F-4266-8BF5-380A896D9804}.Debug|Any CPU.ActiveCfg = Debug|Any CPU
		{B652F54D-442F-4266-8BF5-380A896D9804}.Debug|Any CPU.Build.0 = Debug|Any CPU
		{B652F54D-442F-4266-8BF5-380A896D9804}.Release|Any CPU.ActiveCfg = Release|Any CPU
		{B652F54D-442F-4266-8BF5-380A896D9804}.Release|Any CPU.Build.0 = Release|Any CPU
		{1BA2E9F8-DF69-4C21-A16A-5BF9126D444A}.Debug|Any CPU.ActiveCfg = Debug|Any CPU
		{1BA2E9F8-DF69-4C21-A16A-5BF9126D444A}.Debug|Any CPU.Build.0 = Debug|Any CPU
		{1BA2E9F8-DF69-4C21-A16A-5BF9126D444A}.Release|Any CPU.ActiveCfg = Release|Any CPU
		{1BA2E9F8-DF69-4C21-A16A-5BF9126D444A}.Release|Any CPU.Build.0 = Release|Any CPU
		{A8B03F82-F525-4128-B574-0F104D92918B}.Debug|Any CPU.ActiveCfg = Debug|Any CPU
		{A8B03F82-F525-4128-B574-0F104D92918B}.Debug|Any CPU.Build.0 = Debug|Any CPU
		{A8B03F82-F525-4128-B574-0F104D92918B}.Release|Any CPU.ActiveCfg = Release|Any CPU
		{A8B03F82-F525-4128-B574-0F104D92918B}.Release|Any CPU.Build.0 = Release|Any CPU
	EndGlobalSection
	GlobalSection(SolutionProperties) = preSolution
		HideSolutionNode = FALSE
	EndGlobalSection
EndGlobal
